// !$*UTF8*$!
{
	archiveVersion = 1;
	classes = {
	};
	objectVersion = 46;
	objects = {

/* Begin PBXBuildFile section */
		E71F964D16AAE69E005D724E /* UIKit.framework in Frameworks */ = {isa = PBXBuildFile; fileRef = E71F964C16AAE69E005D724E /* UIKit.framework */; };
		E71F964F16AAE69E005D724E /* Foundation.framework in Frameworks */ = {isa = PBXBuildFile; fileRef = E71F964E16AAE69E005D724E /* Foundation.framework */; };
		E71F965116AAE69E005D724E /* CoreGraphics.framework in Frameworks */ = {isa = PBXBuildFile; fileRef = E71F965016AAE69E005D724E /* CoreGraphics.framework */; };
		E71F965716AAE69E005D724E /* InfoPlist.strings in Resources */ = {isa = PBXBuildFile; fileRef = E71F965516AAE69E005D724E /* InfoPlist.strings */; };
		E71F965916AAE69E005D724E /* main.m in Sources */ = {isa = PBXBuildFile; fileRef = E71F965816AAE69E005D724E /* main.m */; };
		E71F965D16AAE69E005D724E /* AppDelegate.m in Sources */ = {isa = PBXBuildFile; fileRef = E71F965C16AAE69E005D724E /* AppDelegate.m */; };
		E71F965F16AAE69E005D724E /* Default.png in Resources */ = {isa = PBXBuildFile; fileRef = E71F965E16AAE69E005D724E /* Default.png */; };
		E71F966116AAE69E005D724E /* Default@2x.png in Resources */ = {isa = PBXBuildFile; fileRef = E71F966016AAE69E005D724E /* Default@2x.png */; };
		E71F966316AAE69E005D724E /* Default-568h@2x.png in Resources */ = {isa = PBXBuildFile; fileRef = E71F966216AAE69E005D724E /* Default-568h@2x.png */; };
		E71F966616AAE69E005D724E /* MainStoryboard_iPhone.storyboard in Resources */ = {isa = PBXBuildFile; fileRef = E71F966416AAE69E005D724E /* MainStoryboard_iPhone.storyboard */; };
		E71F966916AAE69E005D724E /* MainStoryboard_iPad.storyboard in Resources */ = {isa = PBXBuildFile; fileRef = E71F966716AAE69E005D724E /* MainStoryboard_iPad.storyboard */; };
		E71F966C16AAE69E005D724E /* ViewController.m in Sources */ = {isa = PBXBuildFile; fileRef = E71F966B16AAE69E005D724E /* ViewController.m */; };
/* End PBXBuildFile section */

/* Begin PBXFileReference section */
		E71F964816AAE69E005D724E /* Loud Artwork.app */ = {isa = PBXFileReference; explicitFileType = wrapper.application; includeInIndex = 0; path = "Loud Artwork.app"; sourceTree = BUILT_PRODUCTS_DIR; };
		E71F964C16AAE69E005D724E /* UIKit.framework */ = {isa = PBXFileReference; lastKnownFileType = wrapper.framework; name = UIKit.framework; path = System/Library/Frameworks/UIKit.framework; sourceTree = SDKROOT; };
		E71F964E16AAE69E005D724E /* Foundation.framework */ = {isa = PBXFileReference; lastKnownFileType = wrapper.framework; name = Foundation.framework; path = System/Library/Frameworks/Foundation.framework; sourceTree = SDKROOT; };
		E71F965016AAE69E005D724E /* CoreGraphics.framework */ = {isa = PBXFileReference; lastKnownFileType = wrapper.framework; name = CoreGraphics.framework; path = System/Library/Frameworks/CoreGraphics.framework; sourceTree = SDKROOT; };
		E71F965416AAE69E005D724E /* Loud Artwork-Info.plist */ = {isa = PBXFileReference; lastKnownFileType = text.plist.xml; path = "Loud Artwork-Info.plist"; sourceTree = "<group>"; };
		E71F965616AAE69E005D724E /* en */ = {isa = PBXFileReference; lastKnownFileType = text.plist.strings; name = en; path = en.lproj/InfoPlist.strings; sourceTree = "<group>"; };
		E71F965816AAE69E005D724E /* main.m */ = {isa = PBXFileReference; lastKnownFileType = sourcecode.c.objc; path = main.m; sourceTree = "<group>"; };
		E71F965A16AAE69E005D724E /* Loud Artwork-Prefix.pch */ = {isa = PBXFileReference; lastKnownFileType = sourcecode.c.h; path = "Loud Artwork-Prefix.pch"; sourceTree = "<group>"; };
		E71F965B16AAE69E005D724E /* AppDelegate.h */ = {isa = PBXFileReference; lastKnownFileType = sourcecode.c.h; path = AppDelegate.h; sourceTree = "<group>"; };
		E71F965C16AAE69E005D724E /* AppDelegate.m */ = {isa = PBXFileReference; lastKnownFileType = sourcecode.c.objc; path = AppDelegate.m; sourceTree = "<group>"; };
		E71F965E16AAE69E005D724E /* Default.png */ = {isa = PBXFileReference; lastKnownFileType = image.png; path = Default.png; sourceTree = "<group>"; };
		E71F966016AAE69E005D724E /* Default@2x.png */ = {isa = PBXFileReference; lastKnownFileType = image.png; path = "Default@2x.png"; sourceTree = "<group>"; };
		E71F966216AAE69E005D724E /* Default-568h@2x.png */ = {isa = PBXFileReference; lastKnownFileType = image.png; path = "Default-568h@2x.png"; sourceTree = "<group>"; };
		E71F966516AAE69E005D724E /* en */ = {isa = PBXFileReference; lastKnownFileType = file.storyboard; name = en; path = en.lproj/MainStoryboard_iPhone.storyboard; sourceTree = "<group>"; };
		E71F966816AAE69E005D724E /* en */ = {isa = PBXFileReference; lastKnownFileType = file.storyboard; name = en; path = en.lproj/MainStoryboard_iPad.storyboard; sourceTree = "<group>"; };
		E71F966A16AAE69E005D724E /* ViewController.h */ = {isa = PBXFileReference; lastKnownFileType = sourcecode.c.h; path = ViewController.h; sourceTree = "<group>"; };
		E71F966B16AAE69E005D724E /* ViewController.m */ = {isa = PBXFileReference; lastKnownFileType = sourcecode.c.objc; path = ViewController.m; sourceTree = "<group>"; };
/* End PBXFileReference section */

/* Begin PBXFrameworksBuildPhase section */
		E71F964516AAE69E005D724E /* Frameworks */ = {
			isa = PBXFrameworksBuildPhase;
			buildActionMask = 2147483647;
			files = (
				E71F964D16AAE69E005D724E /* UIKit.framework in Frameworks */,
				E71F964F16AAE69E005D724E /* Foundation.framework in Frameworks */,
				E71F965116AAE69E005D724E /* CoreGraphics.framework in Frameworks */,
			);
			runOnlyForDeploymentPostprocessing = 0;
		};
/* End PBXFrameworksBuildPhase section */

/* Begin PBXGroup section */
		E71F963D16AAE69E005D724E = {
			isa = PBXGroup;
			children = (
				E71F965216AAE69E005D724E /* Loud Artwork */,
				E71F964B16AAE69E005D724E /* Frameworks */,
				E71F964916AAE69E005D724E /* Products */,
			);
			sourceTree = "<group>";
		};
		E71F964916AAE69E005D724E /* Products */ = {
			isa = PBXGroup;
			children = (
				E71F964816AAE69E005D724E /* Loud Artwork.app */,
			);
			name = Products;
			sourceTree = "<group>";
		};
		E71F964B16AAE69E005D724E /* Frameworks */ = {
			isa = PBXGroup;
			children = (
				E71F964C16AAE69E005D724E /* UIKit.framework */,
				E71F964E16AAE69E005D724E /* Foundation.framework */,
				E71F965016AAE69E005D724E /* CoreGraphics.framework */,
			);
			name = Frameworks;
			sourceTree = "<group>";
		};
		E71F965216AAE69E005D724E /* Loud Artwork */ = {
			isa = PBXGroup;
			children = (
				E71F965B16AAE69E005D724E /* AppDelegate.h */,
				E71F965C16AAE69E005D724E /* AppDelegate.m */,
				E71F966416AAE69E005D724E /* MainStoryboard_iPhone.storyboard */,
				E71F966716AAE69E005D724E /* MainStoryboard_iPad.storyboard */,
				E71F966A16AAE69E005D724E /* ViewController.h */,
				E71F966B16AAE69E005D724E /* ViewController.m */,
				E71F965316AAE69E005D724E /* Supporting Files */,
			);
			path = "Loud Artwork";
			sourceTree = "<group>";
		};
		E71F965316AAE69E005D724E /* Supporting Files */ = {
			isa = PBXGroup;
			children = (
				E71F965416AAE69E005D724E /* Loud Artwork-Info.plist */,
				E71F965516AAE69E005D724E /* InfoPlist.strings */,
				E71F965816AAE69E005D724E /* main.m */,
				E71F965A16AAE69E005D724E /* Loud Artwork-Prefix.pch */,
				E71F965E16AAE69E005D724E /* Default.png */,
				E71F966016AAE69E005D724E /* Default@2x.png */,
				E71F966216AAE69E005D724E /* Default-568h@2x.png */,
			);
			name = "Supporting Files";
			sourceTree = "<group>";
		};
/* End PBXGroup section */

/* Begin PBXNativeTarget section */
		E71F964716AAE69E005D724E /* Loud Artwork */ = {
			isa = PBXNativeTarget;
			buildConfigurationList = E71F966F16AAE69E005D724E /* Build configuration list for PBXNativeTarget "Loud Artwork" */;
			buildPhases = (
				E71F964416AAE69E005D724E /* Sources */,
				E71F964516AAE69E005D724E /* Frameworks */,
				E71F964616AAE69E005D724E /* Resources */,
			);
			buildRules = (
			);
			dependencies = (
			);
			name = "Loud Artwork";
			productName = "Loud Artwork";
			productReference = E71F964816AAE69E005D724E /* Loud Artwork.app */;
			productType = "com.apple.product-type.application";
		};
/* End PBXNativeTarget section */

/* Begin PBXProject section */
		E71F963F16AAE69E005D724E /* Project object */ = {
			isa = PBXProject;
			attributes = {
				LastUpgradeCheck = 0450;
				ORGANIZATIONNAME = "Loud Artwork";
			};
			buildConfigurationList = E71F964216AAE69E005D724E /* Build configuration list for PBXProject "Loud Artwork" */;
			compatibilityVersion = "Xcode 3.2";
			developmentRegion = English;
			hasScannedForEncodings = 0;
			knownRegions = (
				en,
			);
			mainGroup = E71F963D16AAE69E005D724E;
			productRefGroup = E71F964916AAE69E005D724E /* Products */;
			projectDirPath = "";
			projectRoot = "";
			targets = (
				E71F964716AAE69E005D724E /* Loud Artwork */,
			);
		};
/* End PBXProject section */

/* Begin PBXResourcesBuildPhase section */
		E71F964616AAE69E005D724E /* Resources */ = {
			isa = PBXResourcesBuildPhase;
			buildActionMask = 2147483647;
			files = (
				E71F965716AAE69E005D724E /* InfoPlist.strings in Resources */,
				E71F965F16AAE69E005D724E /* Default.png in Resources */,
				E71F966116AAE69E005D724E /* Default@2x.png in Resources */,
				E71F966316AAE69E005D724E /* Default-568h@2x.png in Resources */,
				E71F966616AAE69E005D724E /* MainStoryboard_iPhone.storyboard in Resources */,
				E71F966916AAE69E005D724E /* MainStoryboard_iPad.storyboard in Resources */,
			);
			runOnlyForDeploymentPostprocessing = 0;
		};
/* End PBXResourcesBuildPhase section */

/* Begin PBXSourcesBuildPhase section */
		E71F964416AAE69E005D724E /* Sources */ = {
			isa = PBXSourcesBuildPhase;
			buildActionMask = 2147483647;
			files = (
				E71F965916AAE69E005D724E /* main.m in Sources */,
				E71F965D16AAE69E005D724E /* AppDelegate.m in Sources */,
				E71F966C16AAE69E005D724E /* ViewController.m in Sources */,
			);
			runOnlyForDeploymentPostprocessing = 0;
		};
/* End PBXSourcesBuildPhase section */

/* Begin PBXVariantGroup section */
		E71F965516AAE69E005D724E /* InfoPlist.strings */ = {
			isa = PBXVariantGroup;
			children = (
				E71F965616AAE69E005D724E /* en */,
			);
			name = InfoPlist.strings;
			sourceTree = "<group>";
		};
		E71F966416AAE69E005D724E /* MainStoryboard_iPhone.storyboard */ = {
			isa = PBXVariantGroup;
			children = (
				E71F966516AAE69E005D724E /* en */,
			);
			name = MainStoryboard_iPhone.storyboard;
			sourceTree = "<group>";
		};
		E71F966716AAE69E005D724E /* MainStoryboard_iPad.storyboard */ = {
			isa = PBXVariantGroup;
			children = (
				E71F966816AAE69E005D724E /* en */,
			);
			name = MainStoryboard_iPad.storyboard;
			sourceTree = "<group>";
		};
/* End PBXVariantGroup section */

/* Begin XCBuildConfiguration section */
		E71F966D16AAE69E005D724E /* Debug */ = {
			isa = XCBuildConfiguration;
			buildSettings = {
				ALWAYS_SEARCH_USER_PATHS = NO;
				CLANG_CXX_LANGUAGE_STANDARD = "gnu++0x";
				CLANG_CXX_LIBRARY = "libc++";
				CLANG_ENABLE_OBJC_ARC = YES;
				CLANG_WARN_EMPTY_BODY = YES;
				CLANG_WARN__DUPLICATE_METHOD_MATCH = YES;
				"CODE_SIGN_IDENTITY[sdk=iphoneos*]" = "iPhone Developer";
				COPY_PHASE_STRIP = NO;
				GCC_C_LANGUAGE_STANDARD = gnu99;
				GCC_DYNAMIC_NO_PIC = NO;
				GCC_OPTIMIZATION_LEVEL = 0;
				GCC_PREPROCESSOR_DEFINITIONS = (
					"DEBUG=1",
					"$(inherited)",
				);
				GCC_SYMBOLS_PRIVATE_EXTERN = NO;
				GCC_WARN_ABOUT_RETURN_TYPE = YES;
				GCC_WARN_UNINITIALIZED_AUTOS = YES;
				GCC_WARN_UNUSED_VARIABLE = YES;
				IPHONEOS_DEPLOYMENT_TARGET = 6.0;
				ONLY_ACTIVE_ARCH = YES;
				SDKROOT = iphoneos;
				TARGETED_DEVICE_FAMILY = "1,2";
			};
			name = Debug;
		};
		E71F966E16AAE69E005D724E /* Release */ = {
			isa = XCBuildConfiguration;
			buildSettings = {
				ALWAYS_SEARCH_USER_PATHS = NO;
				CLANG_CXX_LANGUAGE_STANDARD = "gnu++0x";
				CLANG_CXX_LIBRARY = "libc++";
				CLANG_ENABLE_OBJC_ARC = YES;
				CLANG_WARN_EMPTY_BODY = YES;
				CLANG_WARN__DUPLICATE_METHOD_MATCH = YES;
				"CODE_SIGN_IDENTITY[sdk=iphoneos*]" = "iPhone Developer";
				COPY_PHASE_STRIP = YES;
				GCC_C_LANGUAGE_STANDARD = gnu99;
				GCC_WARN_ABOUT_RETURN_TYPE = YES;
				GCC_WARN_UNINITIALIZED_AUTOS = YES;
				GCC_WARN_UNUSED_VARIABLE = YES;
				IPHONEOS_DEPLOYMENT_TARGET = 6.0;
				OTHER_CFLAGS = "-DNS_BLOCK_ASSERTIONS=1";
				SDKROOT = iphoneos;
				TARGETED_DEVICE_FAMILY = "1,2";
				VALIDATE_PRODUCT = YES;
			};
			name = Release;
		};
		E71F967016AAE69E005D724E /* Debug */ = {
			isa = XCBuildConfiguration;
			buildSettings = {
				GCC_PRECOMPILE_PREFIX_HEADER = YES;
				GCC_PREFIX_HEADER = "Loud Artwork/Loud Artwork-Prefix.pch";
				INFOPLIST_FILE = "Loud Artwork/Loud Artwork-Info.plist";
				PRODUCT_NAME = "$(TARGET_NAME)";
				WRAPPER_EXTENSION = app;
			};
			name = Debug;
		};
		E71F967116AAE69E005D724E /* Release */ = {
			isa = XCBuildConfiguration;
			buildSettings = {
				GCC_PRECOMPILE_PREFIX_HEADER = YES;
				GCC_PREFIX_HEADER = "Loud Artwork/Loud Artwork-Prefix.pch";
				INFOPLIST_FILE = "Loud Artwork/Loud Artwork-Info.plist";
				PRODUCT_NAME = "$(TARGET_NAME)";
				WRAPPER_EXTENSION = app;
			};
			name = Release;
		};
/* End XCBuildConfiguration section */

/* Begin XCConfigurationList section */
		E71F964216AAE69E005D724E /* Build configuration list for PBXProject "Loud Artwork" */ = {
			isa = XCConfigurationList;
			buildConfigurations = (
				E71F966D16AAE69E005D724E /* Debug */,
				E71F966E16AAE69E005D724E /* Release */,
			);
			defaultConfigurationIsVisible = 0;
			defaultConfigurationName = Release;
		};
		E71F966F16AAE69E005D724E /* Build configuration list for PBXNativeTarget "Loud Artwork" */ = {
			isa = XCConfigurationList;
			buildConfigurations = (
				E71F967016AAE69E005D724E /* Debug */,
				E71F967116AAE69E005D724E /* Release */,
			);
			defaultConfigurationIsVisible = 0;
		};
/* End XCConfigurationList section */
	};
	rootObject = E71F963F16AAE69E005D724E /* Project object */;
}
